
Microsoft Visual Studio Solution File, Format Version 12.00
# Visual Studio Version 17
VisualStudioVersion = 17.8.34330.188
MinimumVisualStudioVersion = 10.0.40219.1
Project("{FAE04EC0-301F-11D3-BF4B-00C04F79EFBC}") = "Komisja", "Komisja\Komisja.csproj", "{2EE2F47B-18E7-4C4C-977B-D366A24530A3}"
EndProject
Global
	GlobalSection(SolutionConfigurationPlatforms) = preSolution
		Debug|Any CPU = Debug|Any CPU
		Release|Any CPU = Release|Any CPU
	EndGlobalSection
	GlobalSection(ProjectConfigurationPlatforms) = postSolution
		{2EE2F47B-18E7-4C4C-977B-D366A24530A3}.Debug|Any CPU.ActiveCfg = Debug|Any CPU
		{2EE2F47B-18E7-4C4C-977B-D366A24530A3}.Debug|Any CPU.Build.0 = Debug|Any CPU
		{2EE2F47B-18E7-4C4C-977B-D366A24530A3}.Release|Any CPU.ActiveCfg = Release|Any CPU
		{2EE2F47B-18E7-4C4C-977B-D366A24530A3}.Release|Any CPU.Build.0 = Release|Any CPU
	EndGlobalSection
	GlobalSection(SolutionProperties) = preSolution
		HideSolutionNode = FALSE
	EndGlobalSection
	GlobalSection(ExtensibilityGlobals) = postSolution
		SolutionGuid = {61615A11-980C-4862-B078-E211B230E2C5}
	EndGlobalSection
EndGlobal
